
Microsoft Visual Studio Solution File, Format Version 12.00
# Visual Studio Version 16
VisualStudioVersion = 16.0.31605.320
MinimumVisualStudioVersion = 10.0.40219.1
Project("{8BC9CEB8-8B4A-11D0-8D11-00A0C91BC942}") = "Insertion Sort v Quicksort", "Insertion Sort v Quicksort\Insertion Sort v Quicksort.vcxproj", "{D295F0FD-8B46-450B-B292-0C5C7627D866}"
EndProject
Project("{8BC9CEB8-8B4A-11D0-8D11-00A0C91BC942}") = "DynamicPrograming", "DynamicPrograming\DynamicPrograming.vcxproj", "{3CA69354-5D3F-4EB8-AC51-C32452430F75}"
EndProject
Project("{8BC9CEB8-8B4A-11D0-8D11-00A0C91BC942}") = "RedBlackTree", "RedBlackTree\RedBlackTree.vcxproj", "{08A1E4A5-5F2E-44EC-A2D7-9E16328D6FBF}"
EndProject
Project("{8BC9CEB8-8B4A-11D0-8D11-00A0C91BC942}") = "Midterm", "Midterm\Midterm.vcxproj", "{58929484-6590-46DE-91FC-31FF5F6FCDCE}"
EndProject
Project("{8BC9CEB8-8B4A-11D0-8D11-00A0C91BC942}") = "GalacticBreakup", "GalacticBreakup\GalacticBreakup.vcxproj", "{2BAAB8A9-2D2F-4625-B2A8-9D22F838E57A}"
EndProject
Project("{8BC9CEB8-8B4A-11D0-8D11-00A0C91BC942}") = "RushHour", "RushHour\RushHour.vcxproj", "{369B9265-85C0-4CB8-9BCB-82AB8D5B2D04}"
EndProject
Global
	GlobalSection(SolutionConfigurationPlatforms) = preSolution
		Debug|x64 = Debug|x64
		Debug|x86 = Debug|x86
		Release|x64 = Release|x64
		Release|x86 = Release|x86
	EndGlobalSection
	GlobalSection(ProjectConfigurationPlatforms) = postSolution
		{D295F0FD-8B46-450B-B292-0C5C7627D866}.Debug|x64.ActiveCfg = Debug|x64
		{D295F0FD-8B46-450B-B292-0C5C7627D866}.Debug|x64.Build.0 = Debug|x64
		{D295F0FD-8B46-450B-B292-0C5C7627D866}.Debug|x86.ActiveCfg = Debug|Win32
		{D295F0FD-8B46-450B-B292-0C5C7627D866}.Debug|x86.Build.0 = Debug|Win32
		{D295F0FD-8B46-450B-B292-0C5C7627D866}.Release|x64.ActiveCfg = Release|x64
		{D295F0FD-8B46-450B-B292-0C5C7627D866}.Release|x64.Build.0 = Release|x64
		{D295F0FD-8B46-450B-B292-0C5C7627D866}.Release|x86.ActiveCfg = Release|Win32
		{D295F0FD-8B46-450B-B292-0C5C7627D866}.Release|x86.Build.0 = Release|Win32
		{3CA69354-5D3F-4EB8-AC51-C32452430F75}.Debug|x64.ActiveCfg = Debug|x64
		{3CA69354-5D3F-4EB8-AC51-C32452430F75}.Debug|x64.Build.0 = Debug|x64
		{3CA69354-5D3F-4EB8-AC51-C32452430F75}.Debug|x86.ActiveCfg = Debug|Win32
		{3CA69354-5D3F-4EB8-AC51-C32452430F75}.Debug|x86.Build.0 = Debug|Win32
		{3CA69354-5D3F-4EB8-AC51-C32452430F75}.Release|x64.ActiveCfg = Release|x64
		{3CA69354-5D3F-4EB8-AC51-C32452430F75}.Release|x64.Build.0 = Release|x64
		{3CA69354-5D3F-4EB8-AC51-C32452430F75}.Release|x86.ActiveCfg = Release|Win32
		{3CA69354-5D3F-4EB8-AC51-C32452430F75}.Release|x86.Build.0 = Release|Win32
		{08A1E4A5-5F2E-44EC-A2D7-9E16328D6FBF}.Debug|x64.ActiveCfg = Debug|x64
		{08A1E4A5-5F2E-44EC-A2D7-9E16328D6FBF}.Debug|x64.Build.0 = Debug|x64
		{08A1E4A5-5F2E-44EC-A2D7-9E16328D6FBF}.Debug|x86.ActiveCfg = Debug|Win32
		{08A1E4A5-5F2E-44EC-A2D7-9E16328D6FBF}.Debug|x86.Build.0 = Debug|Win32
		{08A1E4A5-5F2E-44EC-A2D7-9E16328D6FBF}.Release|x64.ActiveCfg = Release|x64
		{08A1E4A5-5F2E-44EC-A2D7-9E16328D6FBF}.Release|x64.Build.0 = Release|x64
		{08A1E4A5-5F2E-44EC-A2D7-9E16328D6FBF}.Release|x86.ActiveCfg = Release|Win32
		{08A1E4A5-5F2E-44EC-A2D7-9E16328D6FBF}.Release|x86.Build.0 = Release|Win32
		{58929484-6590-46DE-91FC-31FF5F6FCDCE}.Debug|x64.ActiveCfg = Debug|x64
		{58929484-6590-46DE-91FC-31FF5F6FCDCE}.Debug|x64.Build.0 = Debug|x64
		{58929484-6590-46DE-91FC-31FF5F6FCDCE}.Debug|x86.ActiveCfg = Debug|Win32
		{58929484-6590-46DE-91FC-31FF5F6FCDCE}.Debug|x86.Build.0 = Debug|Win32
		{58929484-6590-46DE-91FC-31FF5F6FCDCE}.Release|x64.ActiveCfg = Release|x64
		{58929484-6590-46DE-91FC-31FF5F6FCDCE}.Release|x64.Build.0 = Release|x64
		{58929484-6590-46DE-91FC-31FF5F6FCDCE}.Release|x86.ActiveCfg = Release|Win32
		{58929484-6590-46DE-91FC-31FF5F6FCDCE}.Release|x86.Build.0 = Release|Win32
		{2BAAB8A9-2D2F-4625-B2A8-9D22F838E57A}.Debug|x64.ActiveCfg = Debug|x64
		{2BAAB8A9-2D2F-4625-B2A8-9D22F838E57A}.Debug|x64.Build.0 = Debug|x64
		{2BAAB8A9-2D2F-4625-B2A8-9D22F838E57A}.Debug|x86.ActiveCfg = Debug|Win32
		{2BAAB8A9-2D2F-4625-B2A8-9D22F838E57A}.Debug|x86.Build.0 = Debug|Win32
		{2BAAB8A9-2D2F-4625-B2A8-9D22F838E57A}.Release|x64.ActiveCfg = Release|x64
		{2BAAB8A9-2D2F-4625-B2A8-9D22F838E57A}.Release|x64.Build.0 = Release|x64
		{2BAAB8A9-2D2F-4625-B2A8-9D22F838E57A}.Release|x86.ActiveCfg = Release|Win32
		{2BAAB8A9-2D2F-4625-B2A8-9D22F838E57A}.Release|x86.Build.0 = Release|Win32
		{369B9265-85C0-4CB8-9BCB-82AB8D5B2D04}.Debug|x64.ActiveCfg = Debug|x64
		{369B9265-85C0-4CB8-9BCB-82AB8D5B2D04}.Debug|x64.Build.0 = Debug|x64
		{369B9265-85C0-4CB8-9BCB-82AB8D5B2D04}.Debug|x86.ActiveCfg = Debug|Win32
		{369B9265-85C0-4CB8-9BCB-82AB8D5B2D04}.Debug|x86.Build.0 = Debug|Win32
		{369B9265-85C0-4CB8-9BCB-82AB8D5B2D04}.Release|x64.ActiveCfg = Release|x64
		{369B9265-85C0-4CB8-9BCB-82AB8D5B2D04}.Release|x64.Build.0 = Release|x64
		{369B9265-85C0-4CB8-9BCB-82AB8D5B2D04}.Release|x86.ActiveCfg = Release|Win32
		{369B9265-85C0-4CB8-9BCB-82AB8D5B2D04}.Release|x86.Build.0 = Release|Win32
	EndGlobalSection
	GlobalSection(SolutionProperties) = preSolution
		HideSolutionNode = FALSE
	EndGlobalSection
	GlobalSection(ExtensibilityGlobals) = postSolution
		SolutionGuid = {8072F39F-446C-4661-B469-3477063D0B47}
	EndGlobalSection
EndGlobal
